
Microsoft Visual Studio Solution File, Format Version 12.00
# Visual Studio Version 16
VisualStudioVersion = 16.0.31624.102
MinimumVisualStudioVersion = 10.0.40219.1
Project("{8BC9CEB8-8B4A-11D0-8D11-00A0C91BC942}") = "Homework_1_2", "Homework_1_2.vcxproj", "{ABCF81A5-D7AD-445F-B520-9D7F007BAA15}"
EndProject
Global
	GlobalSection(SolutionConfigurationPlatforms) = preSolution
		Debug|x64 = Debug|x64
		Debug|x86 = Debug|x86
		Release|x64 = Release|x64
		Release|x86 = Release|x86
	EndGlobalSection
	GlobalSection(ProjectConfigurationPlatforms) = postSolution
		{ABCF81A5-D7AD-445F-B520-9D7F007BAA15}.Debug|x64.ActiveCfg = Debug|x64
		{ABCF81A5-D7AD-445F-B520-9D7F007BAA15}.Debug|x64.Build.0 = Debug|x64
		{ABCF81A5-D7AD-445F-B520-9D7F007BAA15}.Debug|x86.ActiveCfg = Debug|Win32
		{ABCF81A5-D7AD-445F-B520-9D7F007BAA15}.Debug|x86.Build.0 = Debug|Win32
		{ABCF81A5-D7AD-445F-B520-9D7F007BAA15}.Release|x64.ActiveCfg = Release|x64
		{ABCF81A5-D7AD-445F-B520-9D7F007BAA15}.Release|x64.Build.0 = Release|x64
		{ABCF81A5-D7AD-445F-B520-9D7F007BAA15}.Release|x86.ActiveCfg = Release|Win32
		{ABCF81A5-D7AD-445F-B520-9D7F007BAA15}.Release|x86.Build.0 = Release|Win32
	EndGlobalSection
	GlobalSection(SolutionProperties) = preSolution
		HideSolutionNode = FALSE
	EndGlobalSection
	GlobalSection(ExtensibilityGlobals) = postSolution
		SolutionGuid = {6730DB5F-C028-4D2B-A639-D7F924775616}
	EndGlobalSection
EndGlobal
